// !$*UTF8*$!
{
	archiveVersion = 1;
	classes = {
	};
	objectVersion = 46;
	objects = {

/* Begin PBXBuildFile section */
		C5D152BE1E06DB3E003750CB /* AppDelegate.swift in Sources */ = {isa = PBXBuildFile; fileRef = C5D152BD1E06DB3E003750CB /* AppDelegate.swift */; };
		C5D152C01E06DB3E003750CB /* ViewController.swift in Sources */ = {isa = PBXBuildFile; fileRef = C5D152BF1E06DB3E003750CB /* ViewController.swift */; };
		C5D152C31E06DB3E003750CB /* Main.storyboard in Resources */ = {isa = PBXBuildFile; fileRef = C5D152C11E06DB3E003750CB /* Main.storyboard */; };
		C5D152C51E06DB3E003750CB /* Assets.xcassets in Resources */ = {isa = PBXBuildFile; fileRef = C5D152C41E06DB3E003750CB /* Assets.xcassets */; };
		C5D152C81E06DB3F003750CB /* LaunchScreen.storyboard in Resources */ = {isa = PBXBuildFile; fileRef = C5D152C61E06DB3F003750CB /* LaunchScreen.storyboard */; };
		C5D152D31E06DB3F003750CB /* ios_url_scheme_launchTests.swift in Sources */ = {isa = PBXBuildFile; fileRef = C5D152D21E06DB3F003750CB /* ios_url_scheme_launchTests.swift */; };
		C5D152DE1E06DB5F003750CB /* URL+Query.swift in Sources */ = {isa = PBXBuildFile; fileRef = C5D152DD1E06DB5F003750CB /* URL+Query.swift */; };
/* End PBXBuildFile section */

/* Begin PBXContainerItemProxy section */
		C5D152CF1E06DB3F003750CB /* PBXContainerItemProxy */ = {
			isa = PBXContainerItemProxy;
			containerPortal = C5D152B21E06DB3E003750CB /* Project object */;
			proxyType = 1;
			remoteGlobalIDString = C5D152B91E06DB3E003750CB;
			remoteInfo = "ios-url-scheme-launch";
		};
/* End PBXContainerItemProxy section */

/* Begin PBXFileReference section */
		C5D152BA1E06DB3E003750CB /* ios-url-scheme-launch.app */ = {isa = PBXFileReference; explicitFileType = wrapper.application; includeInIndex = 0; path = "ios-url-scheme-launch.app"; sourceTree = BUILT_PRODUCTS_DIR; };
		C5D152BD1E06DB3E003750CB /* AppDelegate.swift */ = {isa = PBXFileReference; lastKnownFileType = sourcecode.swift; path = AppDelegate.swift; sourceTree = "<group>"; };
		C5D152BF1E06DB3E003750CB /* ViewController.swift */ = {isa = PBXFileReference; lastKnownFileType = sourcecode.swift; path = ViewController.swift; sourceTree = "<group>"; };
		C5D152C21E06DB3E003750CB /* Base */ = {isa = PBXFileReference; lastKnownFileType = file.storyboard; name = Base; path = Base.lproj/Main.storyboard; sourceTree = "<group>"; };
		C5D152C41E06DB3E003750CB /* Assets.xcassets */ = {isa = PBXFileReference; lastKnownFileType = folder.assetcatalog; path = Assets.xcassets; sourceTree = "<group>"; };
		C5D152C71E06DB3F003750CB /* Base */ = {isa = PBXFileReference; lastKnownFileType = file.storyboard; name = Base; path = Base.lproj/LaunchScreen.storyboard; sourceTree = "<group>"; };
		C5D152C91E06DB3F003750CB /* Info.plist */ = {isa = PBXFileReference; lastKnownFileType = text.plist.xml; path = Info.plist; sourceTree = "<group>"; };
		C5D152CE1E06DB3F003750CB /* ios-url-scheme-launchTests.xctest */ = {isa = PBXFileReference; explicitFileType = wrapper.cfbundle; includeInIndex = 0; path = "ios-url-scheme-launchTests.xctest"; sourceTree = BUILT_PRODUCTS_DIR; };
		C5D152D21E06DB3F003750CB /* ios_url_scheme_launchTests.swift */ = {isa = PBXFileReference; lastKnownFileType = sourcecode.swift; path = ios_url_scheme_launchTests.swift; sourceTree = "<group>"; };
		C5D152D41E06DB3F003750CB /* Info.plist */ = {isa = PBXFileReference; lastKnownFileType = text.plist.xml; path = Info.plist; sourceTree = "<group>"; };
		C5D152DD1E06DB5F003750CB /* URL+Query.swift */ = {isa = PBXFileReference; fileEncoding = 4; lastKnownFileType = sourcecode.swift; path = "URL+Query.swift"; sourceTree = "<group>"; };
/* End PBXFileReference section */

/* Begin PBXFrameworksBuildPhase section */
		C5D152B71E06DB3E003750CB /* Frameworks */ = {
			isa = PBXFrameworksBuildPhase;
			buildActionMask = 2147483647;
			files = (
			);
			runOnlyForDeploymentPostprocessing = 0;
		};
		C5D152CB1E06DB3F003750CB /* Frameworks */ = {
			isa = PBXFrameworksBuildPhase;
			buildActionMask = 2147483647;
			files = (
			);
			runOnlyForDeploymentPostprocessing = 0;
		};
/* End PBXFrameworksBuildPhase section */

/* Begin PBXGroup section */
		C5D152B11E06DB3E003750CB = {
			isa = PBXGroup;
			children = (
				C5D152BB1E06DB3E003750CB /* Products */,
				C5D152BC1E06DB3E003750CB /* ios-url-scheme-launch */,
				C5D152D11E06DB3F003750CB /* ios-url-scheme-launchTests */,
			);
			sourceTree = "<group>";
		};
		C5D152BB1E06DB3E003750CB /* Products */ = {
			isa = PBXGroup;
			children = (
				C5D152BA1E06DB3E003750CB /* ios-url-scheme-launch.app */,
				C5D152CE1E06DB3F003750CB /* ios-url-scheme-launchTests.xctest */,
			);
			name = Products;
			sourceTree = "<group>";
		};
		C5D152BC1E06DB3E003750CB /* ios-url-scheme-launch */ = {
			isa = PBXGroup;
			children = (
				C5D152E01E06EC85003750CB /* Controllers */,
				C5D152DF1E06EC7C003750CB /* Extensions */,
				C5D152E11E06EC93003750CB /* Others */,
				C5D152C91E06DB3F003750CB /* Info.plist */,
			);
			path = "ios-url-scheme-launch";
			sourceTree = "<group>";
		};
		C5D152D11E06DB3F003750CB /* ios-url-scheme-launchTests */ = {
			isa = PBXGroup;
			children = (
				C5D152D41E06DB3F003750CB /* Info.plist */,
				C5D152D21E06DB3F003750CB /* ios_url_scheme_launchTests.swift */,
			);
			path = "ios-url-scheme-launchTests";
			sourceTree = "<group>";
		};
		C5D152DF1E06EC7C003750CB /* Extensions */ = {
			isa = PBXGroup;
			children = (
				C5D152DD1E06DB5F003750CB /* URL+Query.swift */,
			);
			path = Extensions;
			sourceTree = "<group>";
		};
		C5D152E01E06EC85003750CB /* Controllers */ = {
			isa = PBXGroup;
			children = (
				C5D152C61E06DB3F003750CB /* LaunchScreen.storyboard */,
				C5D152C11E06DB3E003750CB /* Main.storyboard */,
				C5D152BF1E06DB3E003750CB /* ViewController.swift */,
			);
			path = Controllers;
			sourceTree = "<group>";
		};
		C5D152E11E06EC93003750CB /* Others */ = {
			isa = PBXGroup;
			children = (
				C5D152BD1E06DB3E003750CB /* AppDelegate.swift */,
				C5D152C41E06DB3E003750CB /* Assets.xcassets */,
			);
			path = Others;
			sourceTree = "<group>";
		};
/* End PBXGroup section */

/* Begin PBXNativeTarget section */
		C5D152B91E06DB3E003750CB /* ios-url-scheme-launch */ = {
			isa = PBXNativeTarget;
			buildConfigurationList = C5D152D71E06DB3F003750CB /* Build configuration list for PBXNativeTarget "ios-url-scheme-launch" */;
			buildPhases = (
				C5D152B61E06DB3E003750CB /* Sources */,
				C5D152B71E06DB3E003750CB /* Frameworks */,
				C5D152B81E06DB3E003750CB /* Resources */,
			);
			buildRules = (
			);
			dependencies = (
			);
			name = "ios-url-scheme-launch";
			productName = "ios-url-scheme-launch";
			productReference = C5D152BA1E06DB3E003750CB /* ios-url-scheme-launch.app */;
			productType = "com.apple.product-type.application";
		};
		C5D152CD1E06DB3F003750CB /* ios-url-scheme-launchTests */ = {
			isa = PBXNativeTarget;
			buildConfigurationList = C5D152DA1E06DB3F003750CB /* Build configuration list for PBXNativeTarget "ios-url-scheme-launchTests" */;
			buildPhases = (
				C5D152CA1E06DB3F003750CB /* Sources */,
				C5D152CB1E06DB3F003750CB /* Frameworks */,
				C5D152CC1E06DB3F003750CB /* Resources */,
			);
			buildRules = (
			);
			dependencies = (
				C5D152D01E06DB3F003750CB /* PBXTargetDependency */,
			);
			name = "ios-url-scheme-launchTests";
			productName = "ios-url-scheme-launchTests";
			productReference = C5D152CE1E06DB3F003750CB /* ios-url-scheme-launchTests.xctest */;
			productType = "com.apple.product-type.bundle.unit-test";
		};
/* End PBXNativeTarget section */

/* Begin PBXProject section */
		C5D152B21E06DB3E003750CB /* Project object */ = {
			isa = PBXProject;
			attributes = {
				LastSwiftUpdateCheck = 0810;
				LastUpgradeCheck = 0830;
				ORGANIZATIONNAME = "Eiji Kushida";
				TargetAttributes = {
					C5D152B91E06DB3E003750CB = {
						CreatedOnToolsVersion = 8.1;
						DevelopmentTeam = UE5DCQPTRB;
						ProvisioningStyle = Automatic;
					};
					C5D152CD1E06DB3F003750CB = {
						CreatedOnToolsVersion = 8.1;
						ProvisioningStyle = Automatic;
						TestTargetID = C5D152B91E06DB3E003750CB;
					};
				};
			};
			buildConfigurationList = C5D152B51E06DB3E003750CB /* Build configuration list for PBXProject "ios-url-scheme-launch" */;
			compatibilityVersion = "Xcode 3.2";
			developmentRegion = English;
			hasScannedForEncodings = 0;
			knownRegions = (
				en,
				Base,
			);
			mainGroup = C5D152B11E06DB3E003750CB;
			productRefGroup = C5D152BB1E06DB3E003750CB /* Products */;
			projectDirPath = "";
			projectRoot = "";
			targets = (
				C5D152B91E06DB3E003750CB /* ios-url-scheme-launch */,
				C5D152CD1E06DB3F003750CB /* ios-url-scheme-launchTests */,
			);
		};
/* End PBXProject section */

/* Begin PBXResourcesBuildPhase section */
		C5D152B81E06DB3E003750CB /* Resources */ = {
			isa = PBXResourcesBuildPhase;
			buildActionMask = 2147483647;
			files = (
				C5D152C81E06DB3F003750CB /* LaunchScreen.storyboard in Resources */,
				C5D152C51E06DB3E003750CB /* Assets.xcassets in Resources */,
				C5D152C31E06DB3E003750CB /* Main.storyboard in Resources */,
			);
			runOnlyForDeploymentPostprocessing = 0;
		};
		C5D152CC1E06DB3F003750CB /* Resources */ = {
			isa = PBXResourcesBuildPhase;
			buildActionMask = 2147483647;
			files = (
			);
			runOnlyForDeploymentPostprocessing = 0;
		};
/* End PBXResourcesBuildPhase section */

/* Begin PBXSourcesBuildPhase section */
		C5D152B61E06DB3E003750CB /* Sources */ = {
			isa = PBXSourcesBuildPhase;
			buildActionMask = 2147483647;
			files = (
				C5D152C01E06DB3E003750CB /* ViewController.swift in Sources */,
				C5D152DE1E06DB5F003750CB /* URL+Query.swift in Sources */,
				C5D152BE1E06DB3E003750CB /* AppDelegate.swift in Sources */,
			);
			runOnlyForDeploymentPostprocessing = 0;
		};
		C5D152CA1E06DB3F003750CB /* Sources */ = {
			isa = PBXSourcesBuildPhase;
			buildActionMask = 2147483647;
			files = (
				C5D152D31E06DB3F003750CB /* ios_url_scheme_launchTests.swift in Sources */,
			);
			runOnlyForDeploymentPostprocessing = 0;
		};
/* End PBXSourcesBuildPhase section */

/* Begin PBXTargetDependency section */
		C5D152D01E06DB3F003750CB /* PBXTargetDependency */ = {
			isa = PBXTargetDependency;
			target = C5D152B91E06DB3E003750CB /* ios-url-scheme-launch */;
			targetProxy = C5D152CF1E06DB3F003750CB /* PBXContainerItemProxy */;
		};
/* End PBXTargetDependency section */

/* Begin PBXVariantGroup section */
		C5D152C11E06DB3E003750CB /* Main.storyboard */ = {
			isa = PBXVariantGroup;
			children = (
				C5D152C21E06DB3E003750CB /* Base */,
			);
			name = Main.storyboard;
			path = .;
			sourceTree = "<group>";
		};
		C5D152C61E06DB3F003750CB /* LaunchScreen.storyboard */ = {
			isa = PBXVariantGroup;
			children = (
				C5D152C71E06DB3F003750CB /* Base */,
			);
			name = LaunchScreen.storyboard;
			path = .;
			sourceTree = "<group>";
		};
/* End PBXVariantGroup section */

/* Begin XCBuildConfiguration section */
		C5D152D51E06DB3F003750CB /* Debug */ = {
			isa = XCBuildConfiguration;
			buildSettings = {
				ALWAYS_SEARCH_USER_PATHS = NO;
				CLANG_ANALYZER_NONNULL = YES;
				CLANG_CXX_LANGUAGE_STANDARD = "gnu++0x";
				CLANG_CXX_LIBRARY = "libc++";
				CLANG_ENABLE_MODULES = YES;
				CLANG_ENABLE_OBJC_ARC = YES;
				CLANG_WARN_BOOL_CONVERSION = YES;
				CLANG_WARN_CONSTANT_CONVERSION = YES;
				CLANG_WARN_DIRECT_OBJC_ISA_USAGE = YES_ERROR;
				CLANG_WARN_DOCUMENTATION_COMMENTS = YES;
				CLANG_WARN_EMPTY_BODY = YES;
				CLANG_WARN_ENUM_CONVERSION = YES;
				CLANG_WARN_INFINITE_RECURSION = YES;
				CLANG_WARN_INT_CONVERSION = YES;
				CLANG_WARN_OBJC_ROOT_CLASS = YES_ERROR;
				CLANG_WARN_SUSPICIOUS_MOVE = YES;
				CLANG_WARN_SUSPICIOUS_MOVES = YES;
				CLANG_WARN_UNREACHABLE_CODE = YES;
				CLANG_WARN__DUPLICATE_METHOD_MATCH = YES;
				"CODE_SIGN_IDENTITY[sdk=iphoneos*]" = "iPhone Developer";
				COPY_PHASE_STRIP = NO;
				DEBUG_INFORMATION_FORMAT = dwarf;
				ENABLE_STRICT_OBJC_MSGSEND = YES;
				ENABLE_TESTABILITY = YES;
				GCC_C_LANGUAGE_STANDARD = gnu99;
				GCC_DYNAMIC_NO_PIC = NO;
				GCC_NO_COMMON_BLOCKS = YES;
				GCC_OPTIMIZATION_LEVEL = 0;
				GCC_PREPROCESSOR_DEFINITIONS = (
					"DEBUG=1",
					"$(inherited)",
				);
				GCC_WARN_64_TO_32_BIT_CONVERSION = YES;
				GCC_WARN_ABOUT_RETURN_TYPE = YES_ERROR;
				GCC_WARN_UNDECLARED_SELECTOR = YES;
				GCC_WARN_UNINITIALIZED_AUTOS = YES_AGGRESSIVE;
				GCC_WARN_UNUSED_FUNCTION = YES;
				GCC_WARN_UNUSED_VARIABLE = YES;
				IPHONEOS_DEPLOYMENT_TARGET = 10.1;
				MTL_ENABLE_DEBUG_INFO = YES;
				ONLY_ACTIVE_ARCH = YES;
				SDKROOT = iphoneos;
				SWIFT_ACTIVE_COMPILATION_CONDITIONS = DEBUG;
				SWIFT_OPTIMIZATION_LEVEL = "-Onone";
			};
			name = Debug;
		};
		C5D152D61E06DB3F003750CB /* Release */ = {
			isa = XCBuildConfiguration;
			buildSettings = {
				ALWAYS_SEARCH_USER_PATHS = NO;
				CLANG_ANALYZER_NONNULL = YES;
				CLANG_CXX_LANGUAGE_STANDARD = "gnu++0x";
				CLANG_CXX_LIBRARY = "libc++";
				CLANG_ENABLE_MODULES = YES;
				CLANG_ENABLE_OBJC_ARC = YES;
				CLANG_WARN_BOOL_CONVERSION = YES;
				CLANG_WARN_CONSTANT_CONVERSION = YES;
				CLANG_WARN_DIRECT_OBJC_ISA_USAGE = YES_ERROR;
				CLANG_WARN_DOCUMENTATION_COMMENTS = YES;
				CLANG_WARN_EMPTY_BODY = YES;
				CLANG_WARN_ENUM_CONVERSION = YES;
				CLANG_WARN_INFINITE_RECURSION = YES;
				CLANG_WARN_INT_CONVERSION = YES;
				CLANG_WARN_OBJC_ROOT_CLASS = YES_ERROR;
				CLANG_WARN_SUSPICIOUS_MOVE = YES;
				CLANG_WARN_SUSPICIOUS_MOVES = YES;
				CLANG_WARN_UNREACHABLE_CODE = YES;
				CLANG_WARN__DUPLICATE_METHOD_MATCH = YES;
				"CODE_SIGN_IDENTITY[sdk=iphoneos*]" = "iPhone Developer";
				COPY_PHASE_STRIP = NO;
				DEBUG_INFORMATION_FORMAT = "dwarf-with-dsym";
				ENABLE_NS_ASSERTIONS = NO;
				ENABLE_STRICT_OBJC_MSGSEND = YES;
				GCC_C_LANGUAGE_STANDARD = gnu99;
				GCC_NO_COMMON_BLOCKS = YES;
				GCC_WARN_64_TO_32_BIT_CONVERSION = YES;
				GCC_WARN_ABOUT_RETURN_TYPE = YES_ERROR;
				GCC_WARN_UNDECLARED_SELECTOR = YES;
				GCC_WARN_UNINITIALIZED_AUTOS = YES_AGGRESSIVE;
				GCC_WARN_UNUSED_FUNCTION = YES;
				GCC_WARN_UNUSED_VARIABLE = YES;
				IPHONEOS_DEPLOYMENT_TARGET = 10.1;
				MTL_ENABLE_DEBUG_INFO = NO;
				SDKROOT = iphoneos;
				SWIFT_OPTIMIZATION_LEVEL = "-Owholemodule";
				VALIDATE_PRODUCT = YES;
			};
			name = Release;
		};
		C5D152D81E06DB3F003750CB /* Debug */ = {
			isa = XCBuildConfiguration;
			buildSettings = {
				ASSETCATALOG_COMPILER_APPICON_NAME = AppIcon;
				DEVELOPMENT_TEAM = UE5DCQPTRB;
				INFOPLIST_FILE = "ios-url-scheme-launch/Info.plist";
				IPHONEOS_DEPLOYMENT_TARGET = 10.0;
				LD_RUNPATH_SEARCH_PATHS = "$(inherited) @executable_path/Frameworks";
				PRODUCT_BUNDLE_IDENTIFIER = "jp.st-ventures.ios-url-scheme-launch";
				PRODUCT_NAME = "$(TARGET_NAME)";
				SWIFT_VERSION = 3.0;
			};
			name = Debug;
		};
		C5D152D91E06DB3F003750CB /* Release */ = {
			isa = XCBuildConfiguration;
			buildSettings = {
				ASSETCATALOG_COMPILER_APPICON_NAME = AppIcon;
				DEVELOPMENT_TEAM = UE5DCQPTRB;
				INFOPLIST_FILE = "ios-url-scheme-launch/Info.plist";
				IPHONEOS_DEPLOYMENT_TARGET = 10.0;
				LD_RUNPATH_SEARCH_PATHS = "$(inherited) @executable_path/Frameworks";
				PRODUCT_BUNDLE_IDENTIFIER = "jp.st-ventures.ios-url-scheme-launch";
				PRODUCT_NAME = "$(TARGET_NAME)";
				SWIFT_VERSION = 3.0;
			};
			name = Release;
		};
		C5D152DB1E06DB3F003750CB /* Debug */ = {
			isa = XCBuildConfiguration;
			buildSettings = {
				ALWAYS_EMBED_SWIFT_STANDARD_LIBRARIES = YES;
				BUNDLE_LOADER = "$(TEST_HOST)";
				INFOPLIST_FILE = "ios-url-scheme-launchTests/Info.plist";
				LD_RUNPATH_SEARCH_PATHS = "$(inherited) @executable_path/Frameworks @loader_path/Frameworks";
				PRODUCT_BUNDLE_IDENTIFIER = "jp.st-ventures.ios-url-scheme-launchTests";
				PRODUCT_NAME = "$(TARGET_NAME)";
				SWIFT_VERSION = 3.0;
				TEST_HOST = "$(BUILT_PRODUCTS_DIR)/ios-url-scheme-launch.app/ios-url-scheme-launch";
			};
			name = Debug;
		};
		C5D152DC1E06DB3F003750CB /* Release */ = {
			isa = XCBuildConfiguration;
			buildSettings = {
				ALWAYS_EMBED_SWIFT_STANDARD_LIBRARIES = YES;
				BUNDLE_LOADER = "$(TEST_HOST)";
				INFOPLIST_FILE = "ios-url-scheme-launchTests/Info.plist";
				LD_RUNPATH_SEARCH_PATHS = "$(inherited) @executable_path/Frameworks @loader_path/Frameworks";
				PRODUCT_BUNDLE_IDENTIFIER = "jp.st-ventures.ios-url-scheme-launchTests";
				PRODUCT_NAME = "$(TARGET_NAME)";
				SWIFT_VERSION = 3.0;
				TEST_HOST = "$(BUILT_PRODUCTS_DIR)/ios-url-scheme-launch.app/ios-url-scheme-launch";
			};
			name = Release;
		};
/* End XCBuildConfiguration section */

/* Begin XCConfigurationList section */
		C5D152B51E06DB3E003750CB /* Build configuration list for PBXProject "ios-url-scheme-launch" */ = {
			isa = XCConfigurationList;
			buildConfigurations = (
				C5D152D51E06DB3F003750CB /* Debug */,
				C5D152D61E06DB3F003750CB /* Release */,
			);
			defaultConfigurationIsVisible = 0;
			defaultConfigurationName = Release;
		};
		C5D152D71E06DB3F003750CB /* Build configuration list for PBXNativeTarget "ios-url-scheme-launch" */ = {
			isa = XCConfigurationList;
			buildConfigurations = (
				C5D152D81E06DB3F003750CB /* Debug */,
				C5D152D91E06DB3F003750CB /* Release */,
			);
			defaultConfigurationIsVisible = 0;
			defaultConfigurationName = Release;
		};
		C5D152DA1E06DB3F003750CB /* Build configuration list for PBXNativeTarget "ios-url-scheme-launchTests" */ = {
			isa = XCConfigurationList;
			buildConfigurations = (
				C5D152DB1E06DB3F003750CB /* Debug */,
				C5D152DC1E06DB3F003750CB /* Release */,
			);
			defaultConfigurationIsVisible = 0;
			defaultConfigurationName = Release;
		};
/* End XCConfigurationList section */
	};
	rootObject = C5D152B21E06DB3E003750CB /* Project object */;
}
